{
  "name": "editor",
  "lockfileVersion": 3,
  "requires": true,
  "packages": {
    "": {
      "dependencies": {
        "codemirror": "^5.65.21"
      }
    },
    "node_modules/codemirror": {
      "version": "5.65.21",
      "resolved": "https://registry.npmjs.org/codemirror/-/codemirror-5.65.21.tgz",
      "integrity": "sha512-6teYk0bA0nR3QP0ihGMoxuKzpl5W80FpnHpBJpgy66NK3cZv5b/d/HY8PnRvfSsCG1MTfr92u2WUl+wT0E40mQ==",
      "license": "MIT"
    }
  }
}
